
Microsoft Visual Studio Solution File, Format Version 12.00
# Visual Studio 15
VisualStudioVersion = 15.0.27428.2015
MinimumVisualStudioVersion = 10.0.40219.1
Project("{FAE04EC0-301F-11D3-BF4B-00C04F79EFBC}") = "asp-net-mvc-cms", "asp-net-mvc-cms\asp-net-mvc-cms.csproj", "{1A7B4CE6-3D11-4F8B-A0C9-07212D3F5EDC}"
EndProject
Project("{FAE04EC0-301F-11D3-BF4B-00C04F79EFBC}") = "asp-net-mvc-cms.Tests", "asp-net-mvc-cms.Tests\asp-net-mvc-cms.Tests.csproj", "{79377E46-B796-41EB-9FCC-4B37131F790D}"
EndProject
Global
	GlobalSection(SolutionConfigurationPlatforms) = preSolution
		Debug|Any CPU = Debug|Any CPU
		Release|Any CPU = Release|Any CPU
	EndGlobalSection
	GlobalSection(ProjectConfigurationPlatforms) = postSolution
		{1A7B4CE6-3D11-4F8B-A0C9-07212D3F5EDC}.Debug|Any CPU.ActiveCfg = Debug|Any CPU
		{1A7B4CE6-3D11-4F8B-A0C9-07212D3F5EDC}.Debug|Any CPU.Build.0 = Debug|Any CPU
		{1A7B4CE6-3D11-4F8B-A0C9-07212D3F5EDC}.Release|Any CPU.ActiveCfg = Release|Any CPU
		{1A7B4CE6-3D11-4F8B-A0C9-07212D3F5EDC}.Release|Any CPU.Build.0 = Release|Any CPU
		{79377E46-B796-41EB-9FCC-4B37131F790D}.Debug|Any CPU.ActiveCfg = Debug|Any CPU
		{79377E46-B796-41EB-9FCC-4B37131F790D}.Debug|Any CPU.Build.0 = Debug|Any CPU
		{79377E46-B796-41EB-9FCC-4B37131F790D}.Release|Any CPU.ActiveCfg = Release|Any CPU
		{79377E46-B796-41EB-9FCC-4B37131F790D}.Release|Any CPU.Build.0 = Release|Any CPU
	EndGlobalSection
	GlobalSection(SolutionProperties) = preSolution
		HideSolutionNode = FALSE
	EndGlobalSection
	GlobalSection(ExtensibilityGlobals) = postSolution
		SolutionGuid = {61B5D332-1F0A-478F-BDE2-5285210DC634}
	EndGlobalSection
EndGlobal
